{
  "version": 4,
  "terraform_version": "1.9.2",
  "serial": 7,
  "lineage": "95eebf62-24cf-9ae3-bde7-9d0853b22731",
  "outputs": {},
  "resources": [
    {
      "mode": "managed",
      "type": "local_file",
      "name": "login",
      "provider": "provider[\"registry.terraform.io/hashicorp/local\"]",
      "instances": [
        {
          "schema_version": 0,
          "attributes": {
            "content": "echo logging in",
            "content_base64": null,
            "content_base64sha256": "NY/mgbURzy+EmpQA5I3NI2p/MDZGoUGaRY5HDXWYHOc=",
            "content_base64sha512": "MIPHJbJ6nXKJ1zsDITzXyNqkPbpmpH7ImK6VXk7tAj7nex/v+/C4qcP/dglhH+5Q9N1mM6l3+riEucI2dYSYHA==",
            "content_md5": "2a5a8a6af26cbd9073ed6954f279cd1f",
            "content_sha1": "076f67a2da4584e9867facd94e304b1b9c317901",
            "content_sha256": "358fe681b511cf2f849a9400e48dcd236a7f303646a1419a458e470d75981ce7",
            "content_sha512": "3083c725b27a9d7289d73b03213cd7c8daa43dba66a47ec898ae955e4eed023ee77b1feffbf0b8a9c3ff7609611fee50f4dd6633a977fab884b9c2367584981c",
            "directory_permission": "0777",
            "file_permission": "0777",
            "filename": "./login.sh",
            "id": "076f67a2da4584e9867facd94e304b1b9c317901",
            "sensitive_content": null,
            "source": null
          },
          "sensitive_attributes": [
            [
              {
                "type": "get_attr",
                "value": "sensitive_content"
              }
            ]
          ]
        }
      ]
    },
    {
      "mode": "managed",
      "type": "local_sensitive_file",
      "name": "password",
      "provider": "provider[\"registry.terraform.io/hashicorp/local\"]",
      "instances": [
        {
          "schema_version": 0,
          "attributes": {
            "content": "admin123",
            "content_base64": null,
            "content_base64sha256": "JAvlGPq9JyTdtvBO6x2llnRI1+gxwIyPqCKAn3THIKk=",
            "content_base64sha512": "f89Lo5HEh4Tt3lmYidbj8eR6J9s27MBQzJLyWb+sOK+tLGihroBNdwdej7ciUD8+yissEAbub2x7dijLRf/9HQ==",
            "content_md5": "0192023a7bbd73250516f069df18b500",
            "content_sha1": "f865b53623b121fd34ee5426c792e5c33af8c227",
            "content_sha256": "240be518fabd2724ddb6f04eeb1da5967448d7e831c08c8fa822809f74c720a9",
            "content_sha512": "7fcf4ba391c48784edde599889d6e3f1e47a27db36ecc050cc92f259bfac38afad2c68a1ae804d77075e8fb722503f3eca2b2c1006ee6f6c7b7628cb45fffd1d",
            "directory_permission": "0700",
            "file_permission": "0700",
            "filename": "./password.txt",
            "id": "f865b53623b121fd34ee5426c792e5c33af8c227",
            "source": null
          },
          "sensitive_attributes": [
            [
              {
                "type": "get_attr",
                "value": "content"
              }
            ],
            [
              {
                "type": "get_attr",
                "value": "content_base64"
              }
            ]
          ]
        }
      ]
    }
  ],
  "check_results": null
}
