{
  "version": 4,
  "terraform_version": "1.9.2",
  "serial": 1,
  "lineage": "dbc6f8a1-ee63-9cb7-2480-04cf2e39379e",
  "outputs": {},
  "resources": [
    {
      "mode": "managed",
      "type": "github_repository",
      "name": "repo",
      "provider": "provider[\"registry.terraform.io/integrations/github\"]",
      "instances": [
        {
          "schema_version": 1,
          "attributes": {
            "allow_auto_merge": false,
            "allow_merge_commit": true,
            "allow_rebase_merge": true,
            "allow_squash_merge": true,
            "allow_update_branch": false,
            "archive_on_destroy": null,
            "archived": false,
            "auto_init": null,
            "default_branch": "main",
            "delete_branch_on_merge": false,
            "description": "Terraform full practice",
            "etag": "W/\"0de741e79b643e223742f39a1c43577353dcd9bc9c84bc16bf5b72490211601a\"",
            "full_name": "AniketMeshram316/TerraformPractice",
            "git_clone_url": "git://github.com/AniketMeshram316/TerraformPractice.git",
            "gitignore_template": null,
            "has_discussions": false,
            "has_downloads": false,
            "has_issues": false,
            "has_projects": false,
            "has_wiki": false,
            "homepage_url": "",
            "html_url": "https://github.com/AniketMeshram316/TerraformPractice",
            "http_clone_url": "https://github.com/AniketMeshram316/TerraformPractice.git",
            "id": "TerraformPractice",
            "ignore_vulnerability_alerts_during_read": null,
            "is_template": false,
            "license_template": null,
            "merge_commit_message": "PR_TITLE",
            "merge_commit_title": "MERGE_MESSAGE",
            "name": "TerraformPractice",
            "node_id": "R_kgDOMvlK_g",
            "pages": [],
            "primary_language": "",
            "private": false,
            "repo_id": 855198462,
            "security_and_analysis": [
              {
                "advanced_security": [],
                "secret_scanning": [
                  {
                    "status": "enabled"
                  }
                ],
                "secret_scanning_push_protection": [
                  {
                    "status": "enabled"
                  }
                ]
              }
            ],
            "squash_merge_commit_message": "COMMIT_MESSAGES",
            "squash_merge_commit_title": "COMMIT_OR_PR_TITLE",
            "ssh_clone_url": "git@github.com:AniketMeshram316/TerraformPractice.git",
            "svn_url": "https://github.com/AniketMeshram316/TerraformPractice",
            "template": [],
            "topics": [],
            "visibility": "public",
            "vulnerability_alerts": false,
            "web_commit_signoff_required": false
          },
          "sensitive_attributes": [],
          "private": "eyJzY2hlbWFfdmVyc2lvbiI6IjEifQ=="
        }
      ]
    }
  ],
  "check_results": null
}
